// !$*UTF8*$!
{
	archiveVersion = 1;
	classes = {
	};
	objectVersion = 46;
	objects = {

/* Begin PBXBuildFile section */
		EB10058B1BD18E6D00393B13 /* location_icon.png in Resources */ = {isa = PBXBuildFile; fileRef = EB10058A1BD18E6D00393B13 /* location_icon.png */; settings = {ASSET_TAGS = (); }; };
		EB10058F1BD18EE000393B13 /* add_folder.png in Resources */ = {isa = PBXBuildFile; fileRef = EB10058E1BD18EE000393B13 /* add_folder.png */; settings = {ASSET_TAGS = (); }; };
		EB1005931BD18FAD00393B13 /* address_icon.png in Resources */ = {isa = PBXBuildFile; fileRef = EB1005921BD18FAD00393B13 /* address_icon.png */; settings = {ASSET_TAGS = (); }; };
		EB1005951BD1901C00393B13 /* folder_icon.png in Resources */ = {isa = PBXBuildFile; fileRef = EB1005941BD1901C00393B13 /* folder_icon.png */; settings = {ASSET_TAGS = (); }; };
		EB1005971BD190B000393B13 /* n_icon.png in Resources */ = {isa = PBXBuildFile; fileRef = EB1005961BD190B000393B13 /* n_icon.png */; settings = {ASSET_TAGS = (); }; };
		EB1005991BD190B700393B13 /* motty_splash_logo.png in Resources */ = {isa = PBXBuildFile; fileRef = EB1005981BD190B700393B13 /* motty_splash_logo.png */; settings = {ASSET_TAGS = (); }; };
		EB10059B1BD190BF00393B13 /* motty_word.png in Resources */ = {isa = PBXBuildFile; fileRef = EB10059A1BD190BF00393B13 /* motty_word.png */; settings = {ASSET_TAGS = (); }; };
		EB10059D1BD190C900393B13 /* notes_icon.png in Resources */ = {isa = PBXBuildFile; fileRef = EB10059C1BD190C900393B13 /* notes_icon.png */; settings = {ASSET_TAGS = (); }; };
		EB10059F1BD190E500393B13 /* search_icon.png in Resources */ = {isa = PBXBuildFile; fileRef = EB10059E1BD190E500393B13 /* search_icon.png */; settings = {ASSET_TAGS = (); }; };
		EB1005A11BD190ED00393B13 /* pin_hover.png in Resources */ = {isa = PBXBuildFile; fileRef = EB1005A01BD190ED00393B13 /* pin_hover.png */; settings = {ASSET_TAGS = (); }; };
		EB1005A31BD1914A00393B13 /* pin_small.png in Resources */ = {isa = PBXBuildFile; fileRef = EB1005A21BD1914A00393B13 /* pin_small.png */; settings = {ASSET_TAGS = (); }; };
		EB1005A51BD1926200393B13 /* pin_placed.png in Resources */ = {isa = PBXBuildFile; fileRef = EB1005A41BD1926200393B13 /* pin_placed.png */; settings = {ASSET_TAGS = (); }; };
		EB1005A71BD192C500393B13 /* dismiss_icon.png in Resources */ = {isa = PBXBuildFile; fileRef = EB1005A61BD192C500393B13 /* dismiss_icon.png */; settings = {ASSET_TAGS = (); }; };
		EB1005A91BD1933F00393B13 /* motty_background.png in Resources */ = {isa = PBXBuildFile; fileRef = EB1005A81BD1933F00393B13 /* motty_background.png */; settings = {ASSET_TAGS = (); }; };
		EB1005AB1BD2C8A100393B13 /* FoldersViewController.swift in Sources */ = {isa = PBXBuildFile; fileRef = EB1005AA1BD2C8A100393B13 /* FoldersViewController.swift */; settings = {ASSET_TAGS = (); }; };
		EB1005AD1BD2FA8400393B13 /* PlacesViewController.swift in Sources */ = {isa = PBXBuildFile; fileRef = EB1005AC1BD2FA8400393B13 /* PlacesViewController.swift */; settings = {ASSET_TAGS = (); }; };
		EB1005B91BD43A6B00393B13 /* FolderTableViewCell.swift in Sources */ = {isa = PBXBuildFile; fileRef = EB1005B81BD43A6B00393B13 /* FolderTableViewCell.swift */; settings = {ASSET_TAGS = (); }; };
		EB1005BC1BD43E8A00393B13 /* home_bg.png in Resources */ = {isa = PBXBuildFile; fileRef = EB1005BA1BD43E8A00393B13 /* home_bg.png */; settings = {ASSET_TAGS = (); }; };
		EB1005BD1BD43E8A00393B13 /* restaurants_bg.png in Resources */ = {isa = PBXBuildFile; fileRef = EB1005BB1BD43E8A00393B13 /* restaurants_bg.png */; settings = {ASSET_TAGS = (); }; };
		EB1005C01BD43EF300393B13 /* restaurants_i.png in Resources */ = {isa = PBXBuildFile; fileRef = EB1005BE1BD43EF300393B13 /* restaurants_i.png */; settings = {ASSET_TAGS = (); }; };
		EB1005C11BD43EF300393B13 /* home_i.png in Resources */ = {isa = PBXBuildFile; fileRef = EB1005BF1BD43EF300393B13 /* home_i.png */; settings = {ASSET_TAGS = (); }; };
		EB369F881BCB010400B9E786 /* DataModel.xcdatamodeld in Sources */ = {isa = PBXBuildFile; fileRef = EB369F861BCB010400B9E786 /* DataModel.xcdatamodeld */; settings = {ASSET_TAGS = (); }; };
		EB369F8A1BCB3C2400B9E786 /* AddPlaceViewController.swift in Sources */ = {isa = PBXBuildFile; fileRef = EB369F891BCB3C2400B9E786 /* AddPlaceViewController.swift */; settings = {ASSET_TAGS = (); }; };
		EB425AFD1BB4C8C2005FB2FA /* AppDelegate.swift in Sources */ = {isa = PBXBuildFile; fileRef = EB425AFC1BB4C8C2005FB2FA /* AppDelegate.swift */; };
		EB425AFF1BB4C8C2005FB2FA /* HomeViewController.swift in Sources */ = {isa = PBXBuildFile; fileRef = EB425AFE1BB4C8C2005FB2FA /* HomeViewController.swift */; };
		EB425B041BB4C8C2005FB2FA /* Main.storyboard in Resources */ = {isa = PBXBuildFile; fileRef = EB425B021BB4C8C2005FB2FA /* Main.storyboard */; settings = {ASSET_TAGS = (folder, ); }; };
		EB425B061BB4C8C2005FB2FA /* Assets.xcassets in Resources */ = {isa = PBXBuildFile; fileRef = EB425B051BB4C8C2005FB2FA /* Assets.xcassets */; };
		EB425B091BB4C8C2005FB2FA /* LaunchScreen.storyboard in Resources */ = {isa = PBXBuildFile; fileRef = EB425B071BB4C8C2005FB2FA /* LaunchScreen.storyboard */; };
		EB425B141BB4C8C3005FB2FA /* Motty_appTests.swift in Sources */ = {isa = PBXBuildFile; fileRef = EB425B131BB4C8C3005FB2FA /* Motty_appTests.swift */; };
		EB425B1F1BB4C8C3005FB2FA /* Motty_appUITests.swift in Sources */ = {isa = PBXBuildFile; fileRef = EB425B1E1BB4C8C3005FB2FA /* Motty_appUITests.swift */; };
		EB9F97CA1BBA32EB00371A31 /* CoreLocation.framework in Frameworks */ = {isa = PBXBuildFile; fileRef = EB9F97C91BBA32EB00371A31 /* CoreLocation.framework */; };
		EBB3A2741BD9C37B00AE4D76 /* PlaceCollectionViewCell.swift in Sources */ = {isa = PBXBuildFile; fileRef = EBB3A2731BD9C37B00AE4D76 /* PlaceCollectionViewCell.swift */; settings = {ASSET_TAGS = (); }; };
		EBB3A2841BDDAD0D00AE4D76 /* map_bg6.png in Resources */ = {isa = PBXBuildFile; fileRef = EBB3A27B1BDDAD0D00AE4D76 /* map_bg6.png */; settings = {ASSET_TAGS = (); }; };
		EBB3A2851BDDAD0D00AE4D76 /* map_bg7.png in Resources */ = {isa = PBXBuildFile; fileRef = EBB3A27C1BDDAD0D00AE4D76 /* map_bg7.png */; settings = {ASSET_TAGS = (); }; };
		EBB3A2861BDDAD0D00AE4D76 /* map_bg8.png in Resources */ = {isa = PBXBuildFile; fileRef = EBB3A27D1BDDAD0D00AE4D76 /* map_bg8.png */; settings = {ASSET_TAGS = (); }; };
		EBB3A2871BDDAD0D00AE4D76 /* map_bg1.png in Resources */ = {isa = PBXBuildFile; fileRef = EBB3A27E1BDDAD0D00AE4D76 /* map_bg1.png */; settings = {ASSET_TAGS = (); }; };
		EBB3A2881BDDAD0D00AE4D76 /* map_bg2.png in Resources */ = {isa = PBXBuildFile; fileRef = EBB3A27F1BDDAD0D00AE4D76 /* map_bg2.png */; settings = {ASSET_TAGS = (); }; };
		EBB3A2891BDDAD0D00AE4D76 /* map_bg3.png in Resources */ = {isa = PBXBuildFile; fileRef = EBB3A2801BDDAD0D00AE4D76 /* map_bg3.png */; settings = {ASSET_TAGS = (); }; };
		EBB3A28A1BDDAD0D00AE4D76 /* map_bg4.png in Resources */ = {isa = PBXBuildFile; fileRef = EBB3A2811BDDAD0D00AE4D76 /* map_bg4.png */; settings = {ASSET_TAGS = (); }; };
		EBB3A28B1BDDAD0D00AE4D76 /* map_bg5.png in Resources */ = {isa = PBXBuildFile; fileRef = EBB3A2821BDDAD0D00AE4D76 /* map_bg5.png */; settings = {ASSET_TAGS = (); }; };
		EBB3A28C1BDDAD0D00AE4D76 /* map_bg0.png in Resources */ = {isa = PBXBuildFile; fileRef = EBB3A2831BDDAD0D00AE4D76 /* map_bg0.png */; settings = {ASSET_TAGS = (); }; };
		EBB3A28E1BDDB14400AE4D76 /* map_bg9.png in Resources */ = {isa = PBXBuildFile; fileRef = EBB3A28D1BDDB14400AE4D76 /* map_bg9.png */; settings = {ASSET_TAGS = (); }; };
		EBB3A2941BDDB78A00AE4D76 /* edit.png in Resources */ = {isa = PBXBuildFile; fileRef = EBB3A2931BDDB78A00AE4D76 /* edit.png */; settings = {ASSET_TAGS = (); }; };
		EBB3A2961BDDBE8A00AE4D76 /* go.png in Resources */ = {isa = PBXBuildFile; fileRef = EBB3A2951BDDBE8A00AE4D76 /* go.png */; settings = {ASSET_TAGS = (); }; };
		EBB3A2981BDDCB0600AE4D76 /* EditPlaceViewController.swift in Sources */ = {isa = PBXBuildFile; fileRef = EBB3A2971BDDCB0600AE4D76 /* EditPlaceViewController.swift */; settings = {ASSET_TAGS = (); }; };
/* End PBXBuildFile section */

/* Begin PBXContainerItemProxy section */
		EB425B101BB4C8C3005FB2FA /* PBXContainerItemProxy */ = {
			isa = PBXContainerItemProxy;
			containerPortal = EB425AF11BB4C8C2005FB2FA /* Project object */;
			proxyType = 1;
			remoteGlobalIDString = EB425AF81BB4C8C2005FB2FA;
			remoteInfo = "Motty app";
		};
		EB425B1B1BB4C8C3005FB2FA /* PBXContainerItemProxy */ = {
			isa = PBXContainerItemProxy;
			containerPortal = EB425AF11BB4C8C2005FB2FA /* Project object */;
			proxyType = 1;
			remoteGlobalIDString = EB425AF81BB4C8C2005FB2FA;
			remoteInfo = "Motty app";
		};
/* End PBXContainerItemProxy section */

/* Begin PBXFileReference section */
		EB10058A1BD18E6D00393B13 /* location_icon.png */ = {isa = PBXFileReference; lastKnownFileType = image.png; path = location_icon.png; sourceTree = "<group>"; };
		EB10058E1BD18EE000393B13 /* add_folder.png */ = {isa = PBXFileReference; lastKnownFileType = image.png; path = add_folder.png; sourceTree = "<group>"; };
		EB1005921BD18FAD00393B13 /* address_icon.png */ = {isa = PBXFileReference; lastKnownFileType = image.png; path = address_icon.png; sourceTree = "<group>"; };
		EB1005941BD1901C00393B13 /* folder_icon.png */ = {isa = PBXFileReference; lastKnownFileType = image.png; path = folder_icon.png; sourceTree = "<group>"; };
		EB1005961BD190B000393B13 /* n_icon.png */ = {isa = PBXFileReference; lastKnownFileType = image.png; path = n_icon.png; sourceTree = "<group>"; };
		EB1005981BD190B700393B13 /* motty_splash_logo.png */ = {isa = PBXFileReference; lastKnownFileType = image.png; path = motty_splash_logo.png; sourceTree = "<group>"; };
		EB10059A1BD190BF00393B13 /* motty_word.png */ = {isa = PBXFileReference; lastKnownFileType = image.png; path = motty_word.png; sourceTree = "<group>"; };
		EB10059C1BD190C900393B13 /* notes_icon.png */ = {isa = PBXFileReference; lastKnownFileType = image.png; path = notes_icon.png; sourceTree = "<group>"; };
		EB10059E1BD190E500393B13 /* search_icon.png */ = {isa = PBXFileReference; lastKnownFileType = image.png; path = search_icon.png; sourceTree = "<group>"; };
		EB1005A01BD190ED00393B13 /* pin_hover.png */ = {isa = PBXFileReference; lastKnownFileType = image.png; path = pin_hover.png; sourceTree = "<group>"; };
		EB1005A21BD1914A00393B13 /* pin_small.png */ = {isa = PBXFileReference; lastKnownFileType = image.png; path = pin_small.png; sourceTree = "<group>"; };
		EB1005A41BD1926200393B13 /* pin_placed.png */ = {isa = PBXFileReference; lastKnownFileType = image.png; path = pin_placed.png; sourceTree = "<group>"; };
		EB1005A61BD192C500393B13 /* dismiss_icon.png */ = {isa = PBXFileReference; lastKnownFileType = image.png; path = dismiss_icon.png; sourceTree = "<group>"; };
		EB1005A81BD1933F00393B13 /* motty_background.png */ = {isa = PBXFileReference; lastKnownFileType = image.png; path = motty_background.png; sourceTree = "<group>"; };
		EB1005AA1BD2C8A100393B13 /* FoldersViewController.swift */ = {isa = PBXFileReference; fileEncoding = 4; lastKnownFileType = sourcecode.swift; path = FoldersViewController.swift; sourceTree = "<group>"; };
		EB1005AC1BD2FA8400393B13 /* PlacesViewController.swift */ = {isa = PBXFileReference; fileEncoding = 4; lastKnownFileType = sourcecode.swift; path = PlacesViewController.swift; sourceTree = "<group>"; };
		EB1005B81BD43A6B00393B13 /* FolderTableViewCell.swift */ = {isa = PBXFileReference; fileEncoding = 4; lastKnownFileType = sourcecode.swift; path = FolderTableViewCell.swift; sourceTree = "<group>"; };
		EB1005BA1BD43E8A00393B13 /* home_bg.png */ = {isa = PBXFileReference; lastKnownFileType = image.png; path = home_bg.png; sourceTree = "<group>"; };
		EB1005BB1BD43E8A00393B13 /* restaurants_bg.png */ = {isa = PBXFileReference; lastKnownFileType = image.png; path = restaurants_bg.png; sourceTree = "<group>"; };
		EB1005BE1BD43EF300393B13 /* restaurants_i.png */ = {isa = PBXFileReference; lastKnownFileType = image.png; path = restaurants_i.png; sourceTree = "<group>"; };
		EB1005BF1BD43EF300393B13 /* home_i.png */ = {isa = PBXFileReference; lastKnownFileType = image.png; path = home_i.png; sourceTree = "<group>"; };
		EB369F871BCB010400B9E786 /* DataModel.xcdatamodel */ = {isa = PBXFileReference; lastKnownFileType = wrapper.xcdatamodel; path = DataModel.xcdatamodel; sourceTree = "<group>"; };
		EB369F891BCB3C2400B9E786 /* AddPlaceViewController.swift */ = {isa = PBXFileReference; fileEncoding = 4; lastKnownFileType = sourcecode.swift; path = AddPlaceViewController.swift; sourceTree = "<group>"; };
		EB425AF91BB4C8C2005FB2FA /* Motty app.app */ = {isa = PBXFileReference; explicitFileType = wrapper.application; includeInIndex = 0; path = "Motty app.app"; sourceTree = BUILT_PRODUCTS_DIR; };
		EB425AFC1BB4C8C2005FB2FA /* AppDelegate.swift */ = {isa = PBXFileReference; lastKnownFileType = sourcecode.swift; path = AppDelegate.swift; sourceTree = "<group>"; };
		EB425AFE1BB4C8C2005FB2FA /* HomeViewController.swift */ = {isa = PBXFileReference; lastKnownFileType = sourcecode.swift; path = HomeViewController.swift; sourceTree = "<group>"; };
		EB425B031BB4C8C2005FB2FA /* Base */ = {isa = PBXFileReference; lastKnownFileType = file.storyboard; name = Base; path = Base.lproj/Main.storyboard; sourceTree = "<group>"; };
		EB425B051BB4C8C2005FB2FA /* Assets.xcassets */ = {isa = PBXFileReference; lastKnownFileType = folder.assetcatalog; path = Assets.xcassets; sourceTree = "<group>"; };
		EB425B081BB4C8C2005FB2FA /* Base */ = {isa = PBXFileReference; lastKnownFileType = file.storyboard; name = Base; path = Base.lproj/LaunchScreen.storyboard; sourceTree = "<group>"; };
		EB425B0A1BB4C8C2005FB2FA /* Info.plist */ = {isa = PBXFileReference; lastKnownFileType = text.plist.xml; path = Info.plist; sourceTree = "<group>"; };
		EB425B0F1BB4C8C3005FB2FA /* Motty appTests.xctest */ = {isa = PBXFileReference; explicitFileType = wrapper.cfbundle; includeInIndex = 0; path = "Motty appTests.xctest"; sourceTree = BUILT_PRODUCTS_DIR; };
		EB425B131BB4C8C3005FB2FA /* Motty_appTests.swift */ = {isa = PBXFileReference; lastKnownFileType = sourcecode.swift; path = Motty_appTests.swift; sourceTree = "<group>"; };
		EB425B151BB4C8C3005FB2FA /* Info.plist */ = {isa = PBXFileReference; lastKnownFileType = text.plist.xml; path = Info.plist; sourceTree = "<group>"; };
		EB425B1A1BB4C8C3005FB2FA /* Motty appUITests.xctest */ = {isa = PBXFileReference; explicitFileType = wrapper.cfbundle; includeInIndex = 0; path = "Motty appUITests.xctest"; sourceTree = BUILT_PRODUCTS_DIR; };
		EB425B1E1BB4C8C3005FB2FA /* Motty_appUITests.swift */ = {isa = PBXFileReference; lastKnownFileType = sourcecode.swift; path = Motty_appUITests.swift; sourceTree = "<group>"; };
		EB425B201BB4C8C3005FB2FA /* Info.plist */ = {isa = PBXFileReference; lastKnownFileType = text.plist.xml; path = Info.plist; sourceTree = "<group>"; };
		EB9F97C91BBA32EB00371A31 /* CoreLocation.framework */ = {isa = PBXFileReference; lastKnownFileType = wrapper.framework; name = CoreLocation.framework; path = System/Library/Frameworks/CoreLocation.framework; sourceTree = SDKROOT; };
		EBB3A2731BD9C37B00AE4D76 /* PlaceCollectionViewCell.swift */ = {isa = PBXFileReference; fileEncoding = 4; lastKnownFileType = sourcecode.swift; path = PlaceCollectionViewCell.swift; sourceTree = "<group>"; };
		EBB3A27B1BDDAD0D00AE4D76 /* map_bg6.png */ = {isa = PBXFileReference; lastKnownFileType = image.png; path = map_bg6.png; sourceTree = "<group>"; };
		EBB3A27C1BDDAD0D00AE4D76 /* map_bg7.png */ = {isa = PBXFileReference; lastKnownFileType = image.png; path = map_bg7.png; sourceTree = "<group>"; };
		EBB3A27D1BDDAD0D00AE4D76 /* map_bg8.png */ = {isa = PBXFileReference; lastKnownFileType = image.png; path = map_bg8.png; sourceTree = "<group>"; };
		EBB3A27E1BDDAD0D00AE4D76 /* map_bg1.png */ = {isa = PBXFileReference; lastKnownFileType = image.png; path = map_bg1.png; sourceTree = "<group>"; };
		EBB3A27F1BDDAD0D00AE4D76 /* map_bg2.png */ = {isa = PBXFileReference; lastKnownFileType = image.png; path = map_bg2.png; sourceTree = "<group>"; };
		EBB3A2801BDDAD0D00AE4D76 /* map_bg3.png */ = {isa = PBXFileReference; lastKnownFileType = image.png; path = map_bg3.png; sourceTree = "<group>"; };
		EBB3A2811BDDAD0D00AE4D76 /* map_bg4.png */ = {isa = PBXFileReference; lastKnownFileType = image.png; path = map_bg4.png; sourceTree = "<group>"; };
		EBB3A2821BDDAD0D00AE4D76 /* map_bg5.png */ = {isa = PBXFileReference; lastKnownFileType = image.png; path = map_bg5.png; sourceTree = "<group>"; };
		EBB3A2831BDDAD0D00AE4D76 /* map_bg0.png */ = {isa = PBXFileReference; lastKnownFileType = image.png; path = map_bg0.png; sourceTree = "<group>"; };
		EBB3A28D1BDDB14400AE4D76 /* map_bg9.png */ = {isa = PBXFileReference; lastKnownFileType = image.png; path = map_bg9.png; sourceTree = "<group>"; };
		EBB3A2931BDDB78A00AE4D76 /* edit.png */ = {isa = PBXFileReference; lastKnownFileType = image.png; path = edit.png; sourceTree = "<group>"; };
		EBB3A2951BDDBE8A00AE4D76 /* go.png */ = {isa = PBXFileReference; lastKnownFileType = image.png; path = go.png; sourceTree = "<group>"; };
		EBB3A2971BDDCB0600AE4D76 /* EditPlaceViewController.swift */ = {isa = PBXFileReference; fileEncoding = 4; lastKnownFileType = sourcecode.swift; path = EditPlaceViewController.swift; sourceTree = "<group>"; };
/* End PBXFileReference section */

/* Begin PBXFrameworksBuildPhase section */
		EB425AF61BB4C8C2005FB2FA /* Frameworks */ = {
			isa = PBXFrameworksBuildPhase;
			buildActionMask = 2147483647;
			files = (
				EB9F97CA1BBA32EB00371A31 /* CoreLocation.framework in Frameworks */,
			);
			runOnlyForDeploymentPostprocessing = 0;
		};
		EB425B0C1BB4C8C3005FB2FA /* Frameworks */ = {
			isa = PBXFrameworksBuildPhase;
			buildActionMask = 2147483647;
			files = (
			);
			runOnlyForDeploymentPostprocessing = 0;
		};
		EB425B171BB4C8C3005FB2FA /* Frameworks */ = {
			isa = PBXFrameworksBuildPhase;
			buildActionMask = 2147483647;
			files = (
			);
			runOnlyForDeploymentPostprocessing = 0;
		};
/* End PBXFrameworksBuildPhase section */

/* Begin PBXGroup section */
		EB1005891BD18D5C00393B13 /* assets */ = {
			isa = PBXGroup;
			children = (
				EBB3A2931BDDB78A00AE4D76 /* edit.png */,
				EBB3A2951BDDBE8A00AE4D76 /* go.png */,
				EBB3A2831BDDAD0D00AE4D76 /* map_bg0.png */,
				EBB3A27E1BDDAD0D00AE4D76 /* map_bg1.png */,
				EBB3A27F1BDDAD0D00AE4D76 /* map_bg2.png */,
				EBB3A2801BDDAD0D00AE4D76 /* map_bg3.png */,
				EBB3A2811BDDAD0D00AE4D76 /* map_bg4.png */,
				EBB3A2821BDDAD0D00AE4D76 /* map_bg5.png */,
				EBB3A27B1BDDAD0D00AE4D76 /* map_bg6.png */,
				EBB3A27C1BDDAD0D00AE4D76 /* map_bg7.png */,
				EBB3A27D1BDDAD0D00AE4D76 /* map_bg8.png */,
				EBB3A28D1BDDB14400AE4D76 /* map_bg9.png */,
				EB10059C1BD190C900393B13 /* notes_icon.png */,
				EB1005A21BD1914A00393B13 /* pin_small.png */,
				EB1005A41BD1926200393B13 /* pin_placed.png */,
				EB1005A01BD190ED00393B13 /* pin_hover.png */,
				EB10059E1BD190E500393B13 /* search_icon.png */,
				EB1005A61BD192C500393B13 /* dismiss_icon.png */,
				EB1005A81BD1933F00393B13 /* motty_background.png */,
				EB10059A1BD190BF00393B13 /* motty_word.png */,
				EB1005981BD190B700393B13 /* motty_splash_logo.png */,
				EB1005961BD190B000393B13 /* n_icon.png */,
				EB1005921BD18FAD00393B13 /* address_icon.png */,
				EB1005941BD1901C00393B13 /* folder_icon.png */,
				EB10058E1BD18EE000393B13 /* add_folder.png */,
				EB10058A1BD18E6D00393B13 /* location_icon.png */,
			);
			name = assets;
			sourceTree = "<group>";
		};
		EB1005AE1BD41C5900393B13 /* folder_bg */ = {
			isa = PBXGroup;
			children = (
				EB1005BA1BD43E8A00393B13 /* home_bg.png */,
				EB1005BB1BD43E8A00393B13 /* restaurants_bg.png */,
			);
			name = folder_bg;
			sourceTree = "<group>";
		};
		EB1005AF1BD41C8600393B13 /* folder_icon */ = {
			isa = PBXGroup;
			children = (
				EB1005BE1BD43EF300393B13 /* restaurants_i.png */,
				EB1005BF1BD43EF300393B13 /* home_i.png */,
			);
			name = folder_icon;
			sourceTree = "<group>";
		};
		EB425AF01BB4C8C2005FB2FA = {
			isa = PBXGroup;
			children = (
				EB9F97C91BBA32EB00371A31 /* CoreLocation.framework */,
				EB425AFB1BB4C8C2005FB2FA /* Motty app */,
				EB425B121BB4C8C3005FB2FA /* Motty appTests */,
				EB425B1D1BB4C8C3005FB2FA /* Motty appUITests */,
				EB425AFA1BB4C8C2005FB2FA /* Products */,
			);
			sourceTree = "<group>";
		};
		EB425AFA1BB4C8C2005FB2FA /* Products */ = {
			isa = PBXGroup;
			children = (
				EB425AF91BB4C8C2005FB2FA /* Motty app.app */,
				EB425B0F1BB4C8C3005FB2FA /* Motty appTests.xctest */,
				EB425B1A1BB4C8C3005FB2FA /* Motty appUITests.xctest */,
			);
			name = Products;
			sourceTree = "<group>";
		};
		EB425AFB1BB4C8C2005FB2FA /* Motty app */ = {
			isa = PBXGroup;
			children = (
				EB1005891BD18D5C00393B13 /* assets */,
				EB1005AE1BD41C5900393B13 /* folder_bg */,
				EB1005AF1BD41C8600393B13 /* folder_icon */,
				EB425AFC1BB4C8C2005FB2FA /* AppDelegate.swift */,
				EB425AFE1BB4C8C2005FB2FA /* HomeViewController.swift */,
				EB369F891BCB3C2400B9E786 /* AddPlaceViewController.swift */,
				EB1005AA1BD2C8A100393B13 /* FoldersViewController.swift */,
				EB1005B81BD43A6B00393B13 /* FolderTableViewCell.swift */,
				EB1005AC1BD2FA8400393B13 /* PlacesViewController.swift */,
				EBB3A2731BD9C37B00AE4D76 /* PlaceCollectionViewCell.swift */,
				EBB3A2971BDDCB0600AE4D76 /* EditPlaceViewController.swift */,
				EB425B021BB4C8C2005FB2FA /* Main.storyboard */,
				EB425B071BB4C8C2005FB2FA /* LaunchScreen.storyboard */,
				EB369F861BCB010400B9E786 /* DataModel.xcdatamodeld */,
				EB425B051BB4C8C2005FB2FA /* Assets.xcassets */,
				EB425B0A1BB4C8C2005FB2FA /* Info.plist */,
			);
			path = "Motty app";
			sourceTree = "<group>";
		};
		EB425B121BB4C8C3005FB2FA /* Motty appTests */ = {
			isa = PBXGroup;
			children = (
				EB425B131BB4C8C3005FB2FA /* Motty_appTests.swift */,
				EB425B151BB4C8C3005FB2FA /* Info.plist */,
			);
			path = "Motty appTests";
			sourceTree = "<group>";
		};
		EB425B1D1BB4C8C3005FB2FA /* Motty appUITests */ = {
			isa = PBXGroup;
			children = (
				EB425B1E1BB4C8C3005FB2FA /* Motty_appUITests.swift */,
				EB425B201BB4C8C3005FB2FA /* Info.plist */,
			);
			path = "Motty appUITests";
			sourceTree = "<group>";
		};
/* End PBXGroup section */

/* Begin PBXNativeTarget section */
		EB425AF81BB4C8C2005FB2FA /* Motty app */ = {
			isa = PBXNativeTarget;
			buildConfigurationList = EB425B231BB4C8C3005FB2FA /* Build configuration list for PBXNativeTarget "Motty app" */;
			buildPhases = (
				EB425AF51BB4C8C2005FB2FA /* Sources */,
				EB425AF61BB4C8C2005FB2FA /* Frameworks */,
				EB425AF71BB4C8C2005FB2FA /* Resources */,
			);
			buildRules = (
			);
			dependencies = (
			);
			name = "Motty app";
			productName = "Motty app";
			productReference = EB425AF91BB4C8C2005FB2FA /* Motty app.app */;
			productType = "com.apple.product-type.application";
		};
		EB425B0E1BB4C8C3005FB2FA /* Motty appTests */ = {
			isa = PBXNativeTarget;
			buildConfigurationList = EB425B261BB4C8C3005FB2FA /* Build configuration list for PBXNativeTarget "Motty appTests" */;
			buildPhases = (
				EB425B0B1BB4C8C3005FB2FA /* Sources */,
				EB425B0C1BB4C8C3005FB2FA /* Frameworks */,
				EB425B0D1BB4C8C3005FB2FA /* Resources */,
			);
			buildRules = (
			);
			dependencies = (
				EB425B111BB4C8C3005FB2FA /* PBXTargetDependency */,
			);
			name = "Motty appTests";
			productName = "Motty appTests";
			productReference = EB425B0F1BB4C8C3005FB2FA /* Motty appTests.xctest */;
			productType = "com.apple.product-type.bundle.unit-test";
		};
		EB425B191BB4C8C3005FB2FA /* Motty appUITests */ = {
			isa = PBXNativeTarget;
			buildConfigurationList = EB425B291BB4C8C3005FB2FA /* Build configuration list for PBXNativeTarget "Motty appUITests" */;
			buildPhases = (
				EB425B161BB4C8C3005FB2FA /* Sources */,
				EB425B171BB4C8C3005FB2FA /* Frameworks */,
				EB425B181BB4C8C3005FB2FA /* Resources */,
			);
			buildRules = (
			);
			dependencies = (
				EB425B1C1BB4C8C3005FB2FA /* PBXTargetDependency */,
			);
			name = "Motty appUITests";
			productName = "Motty appUITests";
			productReference = EB425B1A1BB4C8C3005FB2FA /* Motty appUITests.xctest */;
			productType = "com.apple.product-type.bundle.ui-testing";
		};
/* End PBXNativeTarget section */

/* Begin PBXProject section */
		EB425AF11BB4C8C2005FB2FA /* Project object */ = {
			isa = PBXProject;
			attributes = {
				KnownAssetTags = (
					folder,
				);
				LastUpgradeCheck = 0700;
				ORGANIZATIONNAME = "Alexander Padin";
				TargetAttributes = {
					EB425AF81BB4C8C2005FB2FA = {
						CreatedOnToolsVersion = 7.0;
						DevelopmentTeam = 695Y6QZA3C;
						SystemCapabilities = {
							com.apple.BackgroundModes = {
								enabled = 0;
							};
							com.apple.Maps.iOS = {
								enabled = 0;
							};
						};
					};
					EB425B0E1BB4C8C3005FB2FA = {
						CreatedOnToolsVersion = 7.0;
						DevelopmentTeam = 695Y6QZA3C;
						TestTargetID = EB425AF81BB4C8C2005FB2FA;
					};
					EB425B191BB4C8C3005FB2FA = {
						CreatedOnToolsVersion = 7.0;
						DevelopmentTeam = 695Y6QZA3C;
						TestTargetID = EB425AF81BB4C8C2005FB2FA;
					};
				};
			};
			buildConfigurationList = EB425AF41BB4C8C2005FB2FA /* Build configuration list for PBXProject "Motty app" */;
			compatibilityVersion = "Xcode 3.2";
			developmentRegion = English;
			hasScannedForEncodings = 0;
			knownRegions = (
				en,
				Base,
			);
			mainGroup = EB425AF01BB4C8C2005FB2FA;
			productRefGroup = EB425AFA1BB4C8C2005FB2FA /* Products */;
			projectDirPath = "";
			projectRoot = "";
			targets = (
				EB425AF81BB4C8C2005FB2FA /* Motty app */,
				EB425B0E1BB4C8C3005FB2FA /* Motty appTests */,
				EB425B191BB4C8C3005FB2FA /* Motty appUITests */,
			);
		};
/* End PBXProject section */

/* Begin PBXResourcesBuildPhase section */
		EB425AF71BB4C8C2005FB2FA /* Resources */ = {
			isa = PBXResourcesBuildPhase;
			buildActionMask = 2147483647;
			files = (
				EB10059F1BD190E500393B13 /* search_icon.png in Resources */,
				EB1005931BD18FAD00393B13 /* address_icon.png in Resources */,
				EBB3A2861BDDAD0D00AE4D76 /* map_bg8.png in Resources */,
				EBB3A2841BDDAD0D00AE4D76 /* map_bg6.png in Resources */,
				EB1005BC1BD43E8A00393B13 /* home_bg.png in Resources */,
				EB1005991BD190B700393B13 /* motty_splash_logo.png in Resources */,
				EB1005C01BD43EF300393B13 /* restaurants_i.png in Resources */,
				EBB3A2961BDDBE8A00AE4D76 /* go.png in Resources */,
				EBB3A2891BDDAD0D00AE4D76 /* map_bg3.png in Resources */,
				EB425B091BB4C8C2005FB2FA /* LaunchScreen.storyboard in Resources */,
				EBB3A28B1BDDAD0D00AE4D76 /* map_bg5.png in Resources */,
				EBB3A2851BDDAD0D00AE4D76 /* map_bg7.png in Resources */,
				EB1005A91BD1933F00393B13 /* motty_background.png in Resources */,
				EB10058F1BD18EE000393B13 /* add_folder.png in Resources */,
				EB1005971BD190B000393B13 /* n_icon.png in Resources */,
				EB10059D1BD190C900393B13 /* notes_icon.png in Resources */,
				EB1005A71BD192C500393B13 /* dismiss_icon.png in Resources */,
				EBB3A2871BDDAD0D00AE4D76 /* map_bg1.png in Resources */,
				EB10059B1BD190BF00393B13 /* motty_word.png in Resources */,
				EB1005951BD1901C00393B13 /* folder_icon.png in Resources */,
				EB10058B1BD18E6D00393B13 /* location_icon.png in Resources */,
				EBB3A28C1BDDAD0D00AE4D76 /* map_bg0.png in Resources */,
				EBB3A28A1BDDAD0D00AE4D76 /* map_bg4.png in Resources */,
				EB1005BD1BD43E8A00393B13 /* restaurants_bg.png in Resources */,
				EB425B061BB4C8C2005FB2FA /* Assets.xcassets in Resources */,
				EB1005A31BD1914A00393B13 /* pin_small.png in Resources */,
				EBB3A2881BDDAD0D00AE4D76 /* map_bg2.png in Resources */,
				EB425B041BB4C8C2005FB2FA /* Main.storyboard in Resources */,
				EBB3A2941BDDB78A00AE4D76 /* edit.png in Resources */,
				EB1005C11BD43EF300393B13 /* home_i.png in Resources */,
				EB1005A51BD1926200393B13 /* pin_placed.png in Resources */,
				EB1005A11BD190ED00393B13 /* pin_hover.png in Resources */,
				EBB3A28E1BDDB14400AE4D76 /* map_bg9.png in Resources */,
			);
			runOnlyForDeploymentPostprocessing = 0;
		};
		EB425B0D1BB4C8C3005FB2FA /* Resources */ = {
			isa = PBXResourcesBuildPhase;
			buildActionMask = 2147483647;
			files = (
			);
			runOnlyForDeploymentPostprocessing = 0;
		};
		EB425B181BB4C8C3005FB2FA /* Resources */ = {
			isa = PBXResourcesBuildPhase;
			buildActionMask = 2147483647;
			files = (
			);
			runOnlyForDeploymentPostprocessing = 0;
		};
/* End PBXResourcesBuildPhase section */

/* Begin PBXSourcesBuildPhase section */
		EB425AF51BB4C8C2005FB2FA /* Sources */ = {
			isa = PBXSourcesBuildPhase;
			buildActionMask = 2147483647;
			files = (
				EB1005AD1BD2FA8400393B13 /* PlacesViewController.swift in Sources */,
				EB369F881BCB010400B9E786 /* DataModel.xcdatamodeld in Sources */,
				EB1005AB1BD2C8A100393B13 /* FoldersViewController.swift in Sources */,
				EB425AFD1BB4C8C2005FB2FA /* AppDelegate.swift in Sources */,
				EBB3A2741BD9C37B00AE4D76 /* PlaceCollectionViewCell.swift in Sources */,
				EB369F8A1BCB3C2400B9E786 /* AddPlaceViewController.swift in Sources */,
				EBB3A2981BDDCB0600AE4D76 /* EditPlaceViewController.swift in Sources */,
				EB1005B91BD43A6B00393B13 /* FolderTableViewCell.swift in Sources */,
				EB425AFF1BB4C8C2005FB2FA /* HomeViewController.swift in Sources */,
			);
			runOnlyForDeploymentPostprocessing = 0;
		};
		EB425B0B1BB4C8C3005FB2FA /* Sources */ = {
			isa = PBXSourcesBuildPhase;
			buildActionMask = 2147483647;
			files = (
				EB425B141BB4C8C3005FB2FA /* Motty_appTests.swift in Sources */,
			);
			runOnlyForDeploymentPostprocessing = 0;
		};
		EB425B161BB4C8C3005FB2FA /* Sources */ = {
			isa = PBXSourcesBuildPhase;
			buildActionMask = 2147483647;
			files = (
				EB425B1F1BB4C8C3005FB2FA /* Motty_appUITests.swift in Sources */,
			);
			runOnlyForDeploymentPostprocessing = 0;
		};
/* End PBXSourcesBuildPhase section */

/* Begin PBXTargetDependency section */
		EB425B111BB4C8C3005FB2FA /* PBXTargetDependency */ = {
			isa = PBXTargetDependency;
			target = EB425AF81BB4C8C2005FB2FA /* Motty app */;
			targetProxy = EB425B101BB4C8C3005FB2FA /* PBXContainerItemProxy */;
		};
		EB425B1C1BB4C8C3005FB2FA /* PBXTargetDependency */ = {
			isa = PBXTargetDependency;
			target = EB425AF81BB4C8C2005FB2FA /* Motty app */;
			targetProxy = EB425B1B1BB4C8C3005FB2FA /* PBXContainerItemProxy */;
		};
/* End PBXTargetDependency section */

/* Begin PBXVariantGroup section */
		EB425B021BB4C8C2005FB2FA /* Main.storyboard */ = {
			isa = PBXVariantGroup;
			children = (
				EB425B031BB4C8C2005FB2FA /* Base */,
			);
			name = Main.storyboard;
			sourceTree = "<group>";
		};
		EB425B071BB4C8C2005FB2FA /* LaunchScreen.storyboard */ = {
			isa = PBXVariantGroup;
			children = (
				EB425B081BB4C8C2005FB2FA /* Base */,
			);
			name = LaunchScreen.storyboard;
			sourceTree = "<group>";
		};
/* End PBXVariantGroup section */

/* Begin XCBuildConfiguration section */
		EB425B211BB4C8C3005FB2FA /* Debug */ = {
			isa = XCBuildConfiguration;
			buildSettings = {
				ALWAYS_SEARCH_USER_PATHS = NO;
				CLANG_CXX_LANGUAGE_STANDARD = "gnu++0x";
				CLANG_CXX_LIBRARY = "libc++";
				CLANG_ENABLE_MODULES = YES;
				CLANG_ENABLE_OBJC_ARC = YES;
				CLANG_WARN_BOOL_CONVERSION = YES;
				CLANG_WARN_CONSTANT_CONVERSION = YES;
				CLANG_WARN_DIRECT_OBJC_ISA_USAGE = YES_ERROR;
				CLANG_WARN_EMPTY_BODY = YES;
				CLANG_WARN_ENUM_CONVERSION = YES;
				CLANG_WARN_INT_CONVERSION = YES;
				CLANG_WARN_OBJC_ROOT_CLASS = YES_ERROR;
				CLANG_WARN_UNREACHABLE_CODE = YES;
				CLANG_WARN__DUPLICATE_METHOD_MATCH = YES;
				"CODE_SIGN_IDENTITY[sdk=iphoneos*]" = "iPhone Developer";
				COPY_PHASE_STRIP = NO;
				DEBUG_INFORMATION_FORMAT = dwarf;
				ENABLE_STRICT_OBJC_MSGSEND = YES;
				ENABLE_TESTABILITY = YES;
				GCC_C_LANGUAGE_STANDARD = gnu99;
				GCC_DYNAMIC_NO_PIC = NO;
				GCC_NO_COMMON_BLOCKS = YES;
				GCC_OPTIMIZATION_LEVEL = 0;
				GCC_PREPROCESSOR_DEFINITIONS = (
					"DEBUG=1",
					"$(inherited)",
				);
				GCC_WARN_64_TO_32_BIT_CONVERSION = YES;
				GCC_WARN_ABOUT_RETURN_TYPE = YES_ERROR;
				GCC_WARN_UNDECLARED_SELECTOR = YES;
				GCC_WARN_UNINITIALIZED_AUTOS = YES_AGGRESSIVE;
				GCC_WARN_UNUSED_FUNCTION = YES;
				GCC_WARN_UNUSED_VARIABLE = YES;
				IPHONEOS_DEPLOYMENT_TARGET = 9.0;
				MTL_ENABLE_DEBUG_INFO = YES;
				ONLY_ACTIVE_ARCH = YES;
				SDKROOT = iphoneos;
				SWIFT_OPTIMIZATION_LEVEL = "-Onone";
			};
			name = Debug;
		};
		EB425B221BB4C8C3005FB2FA /* Release */ = {
			isa = XCBuildConfiguration;
			buildSettings = {
				ALWAYS_SEARCH_USER_PATHS = NO;
				CLANG_CXX_LANGUAGE_STANDARD = "gnu++0x";
				CLANG_CXX_LIBRARY = "libc++";
				CLANG_ENABLE_MODULES = YES;
				CLANG_ENABLE_OBJC_ARC = YES;
				CLANG_WARN_BOOL_CONVERSION = YES;
				CLANG_WARN_CONSTANT_CONVERSION = YES;
				CLANG_WARN_DIRECT_OBJC_ISA_USAGE = YES_ERROR;
				CLANG_WARN_EMPTY_BODY = YES;
				CLANG_WARN_ENUM_CONVERSION = YES;
				CLANG_WARN_INT_CONVERSION = YES;
				CLANG_WARN_OBJC_ROOT_CLASS = YES_ERROR;
				CLANG_WARN_UNREACHABLE_CODE = YES;
				CLANG_WARN__DUPLICATE_METHOD_MATCH = YES;
				"CODE_SIGN_IDENTITY[sdk=iphoneos*]" = "iPhone Developer";
				COPY_PHASE_STRIP = NO;
				DEBUG_INFORMATION_FORMAT = "dwarf-with-dsym";
				ENABLE_NS_ASSERTIONS = NO;
				ENABLE_STRICT_OBJC_MSGSEND = YES;
				GCC_C_LANGUAGE_STANDARD = gnu99;
				GCC_NO_COMMON_BLOCKS = YES;
				GCC_WARN_64_TO_32_BIT_CONVERSION = YES;
				GCC_WARN_ABOUT_RETURN_TYPE = YES_ERROR;
				GCC_WARN_UNDECLARED_SELECTOR = YES;
				GCC_WARN_UNINITIALIZED_AUTOS = YES_AGGRESSIVE;
				GCC_WARN_UNUSED_FUNCTION = YES;
				GCC_WARN_UNUSED_VARIABLE = YES;
				IPHONEOS_DEPLOYMENT_TARGET = 9.0;
				MTL_ENABLE_DEBUG_INFO = NO;
				SDKROOT = iphoneos;
				VALIDATE_PRODUCT = YES;
			};
			name = Release;
		};
		EB425B241BB4C8C3005FB2FA /* Debug */ = {
			isa = XCBuildConfiguration;
			buildSettings = {
				ASSETCATALOG_COMPILER_APPICON_NAME = AppIcon;
				INFOPLIST_FILE = "Motty app/Info.plist";
				IPHONEOS_DEPLOYMENT_TARGET = 9.0;
				LD_RUNPATH_SEARCH_PATHS = "$(inherited) @executable_path/Frameworks";
				PRODUCT_BUNDLE_IDENTIFIER = "com.motty.app.Motty-app";
				PRODUCT_NAME = "$(TARGET_NAME)";
			};
			name = Debug;
		};
		EB425B251BB4C8C3005FB2FA /* Release */ = {
			isa = XCBuildConfiguration;
			buildSettings = {
				ASSETCATALOG_COMPILER_APPICON_NAME = AppIcon;
				INFOPLIST_FILE = "Motty app/Info.plist";
				IPHONEOS_DEPLOYMENT_TARGET = 9.0;
				LD_RUNPATH_SEARCH_PATHS = "$(inherited) @executable_path/Frameworks";
				PRODUCT_BUNDLE_IDENTIFIER = "com.motty.app.Motty-app";
				PRODUCT_NAME = "$(TARGET_NAME)";
			};
			name = Release;
		};
		EB425B271BB4C8C3005FB2FA /* Debug */ = {
			isa = XCBuildConfiguration;
			buildSettings = {
				BUNDLE_LOADER = "$(TEST_HOST)";
				INFOPLIST_FILE = "Motty appTests/Info.plist";
				LD_RUNPATH_SEARCH_PATHS = "$(inherited) @executable_path/Frameworks @loader_path/Frameworks";
				PRODUCT_BUNDLE_IDENTIFIER = "com.motty.app.Motty-appTests";
				PRODUCT_NAME = "$(TARGET_NAME)";
				TEST_HOST = "$(BUILT_PRODUCTS_DIR)/Motty app.app/Motty app";
			};
			name = Debug;
		};
		EB425B281BB4C8C3005FB2FA /* Release */ = {
			isa = XCBuildConfiguration;
			buildSettings = {
				BUNDLE_LOADER = "$(TEST_HOST)";
				INFOPLIST_FILE = "Motty appTests/Info.plist";
				LD_RUNPATH_SEARCH_PATHS = "$(inherited) @executable_path/Frameworks @loader_path/Frameworks";
				PRODUCT_BUNDLE_IDENTIFIER = "com.motty.app.Motty-appTests";
				PRODUCT_NAME = "$(TARGET_NAME)";
				TEST_HOST = "$(BUILT_PRODUCTS_DIR)/Motty app.app/Motty app";
			};
			name = Release;
		};
		EB425B2A1BB4C8C3005FB2FA /* Debug */ = {
			isa = XCBuildConfiguration;
			buildSettings = {
				INFOPLIST_FILE = "Motty appUITests/Info.plist";
				LD_RUNPATH_SEARCH_PATHS = "$(inherited) @executable_path/Frameworks @loader_path/Frameworks";
				PRODUCT_BUNDLE_IDENTIFIER = "com.motty.app.Motty-appUITests";
				PRODUCT_NAME = "$(TARGET_NAME)";
				TEST_TARGET_NAME = "Motty app";
				USES_XCTRUNNER = YES;
			};
			name = Debug;
		};
		EB425B2B1BB4C8C3005FB2FA /* Release */ = {
			isa = XCBuildConfiguration;
			buildSettings = {
				INFOPLIST_FILE = "Motty appUITests/Info.plist";
				LD_RUNPATH_SEARCH_PATHS = "$(inherited) @executable_path/Frameworks @loader_path/Frameworks";
				PRODUCT_BUNDLE_IDENTIFIER = "com.motty.app.Motty-appUITests";
				PRODUCT_NAME = "$(TARGET_NAME)";
				TEST_TARGET_NAME = "Motty app";
				USES_XCTRUNNER = YES;
			};
			name = Release;
		};
/* End XCBuildConfiguration section */

/* Begin XCConfigurationList section */
		EB425AF41BB4C8C2005FB2FA /* Build configuration list for PBXProject "Motty app" */ = {
			isa = XCConfigurationList;
			buildConfigurations = (
				EB425B211BB4C8C3005FB2FA /* Debug */,
				EB425B221BB4C8C3005FB2FA /* Release */,
			);
			defaultConfigurationIsVisible = 0;
			defaultConfigurationName = Release;
		};
		EB425B231BB4C8C3005FB2FA /* Build configuration list for PBXNativeTarget "Motty app" */ = {
			isa = XCConfigurationList;
			buildConfigurations = (
				EB425B241BB4C8C3005FB2FA /* Debug */,
				EB425B251BB4C8C3005FB2FA /* Release */,
			);
			defaultConfigurationIsVisible = 0;
			defaultConfigurationName = Release;
		};
		EB425B261BB4C8C3005FB2FA /* Build configuration list for PBXNativeTarget "Motty appTests" */ = {
			isa = XCConfigurationList;
			buildConfigurations = (
				EB425B271BB4C8C3005FB2FA /* Debug */,
				EB425B281BB4C8C3005FB2FA /* Release */,
			);
			defaultConfigurationIsVisible = 0;
			defaultConfigurationName = Release;
		};
		EB425B291BB4C8C3005FB2FA /* Build configuration list for PBXNativeTarget "Motty appUITests" */ = {
			isa = XCConfigurationList;
			buildConfigurations = (
				EB425B2A1BB4C8C3005FB2FA /* Debug */,
				EB425B2B1BB4C8C3005FB2FA /* Release */,
			);
			defaultConfigurationIsVisible = 0;
			defaultConfigurationName = Release;
		};
/* End XCConfigurationList section */

/* Begin XCVersionGroup section */
		EB369F861BCB010400B9E786 /* DataModel.xcdatamodeld */ = {
			isa = XCVersionGroup;
			children = (
				EB369F871BCB010400B9E786 /* DataModel.xcdatamodel */,
			);
			currentVersion = EB369F871BCB010400B9E786 /* DataModel.xcdatamodel */;
			path = DataModel.xcdatamodeld;
			sourceTree = "<group>";
			versionGroupType = wrapper.xcdatamodel;
		};
/* End XCVersionGroup section */
	};
	rootObject = EB425AF11BB4C8C2005FB2FA /* Project object */;
}
